PODS:
  - KeychainAccess (4.2.0)
  - PromiseKit (6.13.1):
    - PromiseKit/CorePromise (= 6.13.1)
    - PromiseKit/Foundation (= 6.13.1)
    - PromiseKit/UIKit (= 6.13.1)
  - PromiseKit/CorePromise (6.13.1)
  - PromiseKit/Foundation (6.13.1):
    - PromiseKit/CorePromise
  - PromiseKit/UIKit (6.13.1):
    - PromiseKit/CorePromise
  - SnapKit (5.0.1)
  - Swinject (2.7.1)

DEPENDENCIES:
  - KeychainAccess
  - PromiseKit (~> 6.8)
  - SnapKit (~> 5.0.0)
  - Swinject

SPEC REPOS:
  trunk:
    - KeychainAccess
    - PromiseKit
    - SnapKit
    - Swinject

SPEC CHECKSUMS:
  KeychainAccess: 3f760109aa99b05d0f231e28b22642da7153e38a
  PromiseKit: 28fda91c973cc377875d8c0ea4f973013c05b6db
  SnapKit: 97b92857e3df3a0c71833cce143274bf6ef8e5eb
  Swinject: ddf78b8486dd9b71a667b852cad919ab4484478e

PODFILE CHECKSUM: 280f81f7feda53f61758df346c0e1c2f1627dc22

COCOAPODS: 1.9.3
